
Microsoft Visual Studio Solution File, Format Version 12.00
# Visual Studio Version 17
VisualStudioVersion = 17.8.34511.84
MinimumVisualStudioVersion = 10.0.40219.1
Project("{FAE04EC0-301F-11D3-BF4B-00C04F79EFBC}") = "TestDHCP", "TestDHCP.csproj", "{8306EA6A-467D-4A7F-9C1A-1B43FA9F654A}"
	ProjectSection(ProjectDependencies) = postProject
		{4F2230EB-DADF-46E6-868D-B727C3FD52E5} = {4F2230EB-DADF-46E6-868D-B727C3FD52E5}
	EndProjectSection
EndProject
Project("{9A19103F-16F7-4668-BE54-9A1E7A4F7556}") = "Library", "..\Library\Library.csproj", "{4F2230EB-DADF-46E6-868D-B727C3FD52E5}"
EndProject
Global
	GlobalSection(SolutionConfigurationPlatforms) = preSolution
		Debug|Any CPU = Debug|Any CPU
		Release|Any CPU = Release|Any CPU
	EndGlobalSection
	GlobalSection(ProjectConfigurationPlatforms) = postSolution
		{8306EA6A-467D-4A7F-9C1A-1B43FA9F654A}.Debug|Any CPU.ActiveCfg = Debug|Any CPU
		{8306EA6A-467D-4A7F-9C1A-1B43FA9F654A}.Debug|Any CPU.Build.0 = Debug|Any CPU
		{8306EA6A-467D-4A7F-9C1A-1B43FA9F654A}.Release|Any CPU.ActiveCfg = Release|Any CPU
		{8306EA6A-467D-4A7F-9C1A-1B43FA9F654A}.Release|Any CPU.Build.0 = Release|Any CPU
		{4F2230EB-DADF-46E6-868D-B727C3FD52E5}.Debug|Any CPU.ActiveCfg = Debug|Any CPU
		{4F2230EB-DADF-46E6-868D-B727C3FD52E5}.Debug|Any CPU.Build.0 = Debug|Any CPU
		{4F2230EB-DADF-46E6-868D-B727C3FD52E5}.Release|Any CPU.ActiveCfg = Release|Any CPU
		{4F2230EB-DADF-46E6-868D-B727C3FD52E5}.Release|Any CPU.Build.0 = Release|Any CPU
	EndGlobalSection
	GlobalSection(SolutionProperties) = preSolution
		HideSolutionNode = FALSE
	EndGlobalSection
	GlobalSection(ExtensibilityGlobals) = postSolution
		SolutionGuid = {E974B44B-971E-44B0-A88A-354B570163D2}
	EndGlobalSection
EndGlobal
